
Microsoft Visual Studio Solution File, Format Version 12.00
# Visual Studio Version 17
VisualStudioVersion = 17.0.31919.166
MinimumVisualStudioVersion = 10.0.40219.1
Project("{FAE04EC0-301F-11D3-BF4B-00C04F79EFBC}") = "ContextMenuStrip", "ContextMenuStrip.csproj", "{1978D426-24FA-47FE-A950-7FAC877E04DD}"
EndProject
Global
	GlobalSection(SolutionConfigurationPlatforms) = preSolution
		Debug|Any CPU = Debug|Any CPU
		Release|Any CPU = Release|Any CPU
	EndGlobalSection
	GlobalSection(ProjectConfigurationPlatforms) = postSolution
		{1978D426-24FA-47FE-A950-7FAC877E04DD}.Debug|Any CPU.ActiveCfg = Debug|Any CPU
		{1978D426-24FA-47FE-A950-7FAC877E04DD}.Debug|Any CPU.Build.0 = Debug|Any CPU
		{1978D426-24FA-47FE-A950-7FAC877E04DD}.Release|Any CPU.ActiveCfg = Release|Any CPU
		{1978D426-24FA-47FE-A950-7FAC877E04DD}.Release|Any CPU.Build.0 = Release|Any CPU
	EndGlobalSection
	GlobalSection(SolutionProperties) = preSolution
		HideSolutionNode = FALSE
	EndGlobalSection
	GlobalSection(ExtensibilityGlobals) = postSolution
		SolutionGuid = {A0874377-4075-40E6-8EC0-5A0F1AF94B8F}
	EndGlobalSection
EndGlobal
